
Microsoft Visual Studio Solution File, Format Version 12.00
# Visual Studio 15
VisualStudioVersion = 15.0.26124.0
MinimumVisualStudioVersion = 15.0.26124.0
Project("{FAE04EC0-301F-11D3-BF4B-00C04F79EFBC}") = "metrics-api", "metrics-api\metrics-api.csproj", "{1794E66A-11BB-46F8-A353-18E128DC8721}"
EndProject
Project("{FAE04EC0-301F-11D3-BF4B-00C04F79EFBC}") = "metrics-events-listener", "metrics-events-listener\metrics-events-listener.csproj", "{7A28D515-E188-4D1C-A027-388E6A04BC6D}"
EndProject
Project("{FAE04EC0-301F-11D3-BF4B-00C04F79EFBC}") = "metrics-core", "metrics-core\metrics-core.csproj", "{B3179ED6-C317-4EF6-B319-81EAC74546B1}"
EndProject
Global
	GlobalSection(SolutionConfigurationPlatforms) = preSolution
		Debug|Any CPU = Debug|Any CPU
		Debug|x64 = Debug|x64
		Debug|x86 = Debug|x86
		Release|Any CPU = Release|Any CPU
		Release|x64 = Release|x64
		Release|x86 = Release|x86
	EndGlobalSection
	GlobalSection(SolutionProperties) = preSolution
		HideSolutionNode = FALSE
	EndGlobalSection
	GlobalSection(ProjectConfigurationPlatforms) = postSolution
		{1794E66A-11BB-46F8-A353-18E128DC8721}.Debug|Any CPU.ActiveCfg = Debug|Any CPU
		{1794E66A-11BB-46F8-A353-18E128DC8721}.Debug|Any CPU.Build.0 = Debug|Any CPU
		{1794E66A-11BB-46F8-A353-18E128DC8721}.Debug|x64.ActiveCfg = Debug|Any CPU
		{1794E66A-11BB-46F8-A353-18E128DC8721}.Debug|x64.Build.0 = Debug|Any CPU
		{1794E66A-11BB-46F8-A353-18E128DC8721}.Debug|x86.ActiveCfg = Debug|Any CPU
		{1794E66A-11BB-46F8-A353-18E128DC8721}.Debug|x86.Build.0 = Debug|Any CPU
		{1794E66A-11BB-46F8-A353-18E128DC8721}.Release|Any CPU.ActiveCfg = Release|Any CPU
		{1794E66A-11BB-46F8-A353-18E128DC8721}.Release|Any CPU.Build.0 = Release|Any CPU
		{1794E66A-11BB-46F8-A353-18E128DC8721}.Release|x64.ActiveCfg = Release|Any CPU
		{1794E66A-11BB-46F8-A353-18E128DC8721}.Release|x64.Build.0 = Release|Any CPU
		{1794E66A-11BB-46F8-A353-18E128DC8721}.Release|x86.ActiveCfg = Release|Any CPU
		{1794E66A-11BB-46F8-A353-18E128DC8721}.Release|x86.Build.0 = Release|Any CPU
		{7A28D515-E188-4D1C-A027-388E6A04BC6D}.Debug|Any CPU.ActiveCfg = Debug|Any CPU
		{7A28D515-E188-4D1C-A027-388E6A04BC6D}.Debug|Any CPU.Build.0 = Debug|Any CPU
		{7A28D515-E188-4D1C-A027-388E6A04BC6D}.Debug|x64.ActiveCfg = Debug|Any CPU
		{7A28D515-E188-4D1C-A027-388E6A04BC6D}.Debug|x64.Build.0 = Debug|Any CPU
		{7A28D515-E188-4D1C-A027-388E6A04BC6D}.Debug|x86.ActiveCfg = Debug|Any CPU
		{7A28D515-E188-4D1C-A027-388E6A04BC6D}.Debug|x86.Build.0 = Debug|Any CPU
		{7A28D515-E188-4D1C-A027-388E6A04BC6D}.Release|Any CPU.ActiveCfg = Release|Any CPU
		{7A28D515-E188-4D1C-A027-388E6A04BC6D}.Release|Any CPU.Build.0 = Release|Any CPU
		{7A28D515-E188-4D1C-A027-388E6A04BC6D}.Release|x64.ActiveCfg = Release|Any CPU
		{7A28D515-E188-4D1C-A027-388E6A04BC6D}.Release|x64.Build.0 = Release|Any CPU
		{7A28D515-E188-4D1C-A027-388E6A04BC6D}.Release|x86.ActiveCfg = Release|Any CPU
		{7A28D515-E188-4D1C-A027-388E6A04BC6D}.Release|x86.Build.0 = Release|Any CPU
		{B3179ED6-C317-4EF6-B319-81EAC74546B1}.Debug|Any CPU.ActiveCfg = Debug|Any CPU
		{B3179ED6-C317-4EF6-B319-81EAC74546B1}.Debug|Any CPU.Build.0 = Debug|Any CPU
		{B3179ED6-C317-4EF6-B319-81EAC74546B1}.Debug|x64.ActiveCfg = Debug|Any CPU
		{B3179ED6-C317-4EF6-B319-81EAC74546B1}.Debug|x64.Build.0 = Debug|Any CPU
		{B3179ED6-C317-4EF6-B319-81EAC74546B1}.Debug|x86.ActiveCfg = Debug|Any CPU
		{B3179ED6-C317-4EF6-B319-81EAC74546B1}.Debug|x86.Build.0 = Debug|Any CPU
		{B3179ED6-C317-4EF6-B319-81EAC74546B1}.Release|Any CPU.ActiveCfg = Release|Any CPU
		{B3179ED6-C317-4EF6-B319-81EAC74546B1}.Release|Any CPU.Build.0 = Release|Any CPU
		{B3179ED6-C317-4EF6-B319-81EAC74546B1}.Release|x64.ActiveCfg = Release|Any CPU
		{B3179ED6-C317-4EF6-B319-81EAC74546B1}.Release|x64.Build.0 = Release|Any CPU
		{B3179ED6-C317-4EF6-B319-81EAC74546B1}.Release|x86.ActiveCfg = Release|Any CPU
		{B3179ED6-C317-4EF6-B319-81EAC74546B1}.Release|x86.Build.0 = Release|Any CPU
	EndGlobalSection
EndGlobal
